
Microsoft Visual Studio Solution File, Format Version 12.00
# Visual Studio 15
VisualStudioVersion = 15.0.28307.421
MinimumVisualStudioVersion = 10.0.40219.1
Project("{9A19103F-16F7-4668-BE54-9A1E7A4F7556}") = "AkamaiApiAuth", "AkamaiApiAuth\AkamaiApiAuth.csproj", "{890112C2-2FCB-4E2E-8BDB-7FA419027298}"
EndProject
Global
	GlobalSection(SolutionConfigurationPlatforms) = preSolution
		Debug|Any CPU = Debug|Any CPU
		Release|Any CPU = Release|Any CPU
	EndGlobalSection
	GlobalSection(ProjectConfigurationPlatforms) = postSolution
		{890112C2-2FCB-4E2E-8BDB-7FA419027298}.Debug|Any CPU.ActiveCfg = Debug|Any CPU
		{890112C2-2FCB-4E2E-8BDB-7FA419027298}.Debug|Any CPU.Build.0 = Debug|Any CPU
		{890112C2-2FCB-4E2E-8BDB-7FA419027298}.Release|Any CPU.ActiveCfg = Release|Any CPU
		{890112C2-2FCB-4E2E-8BDB-7FA419027298}.Release|Any CPU.Build.0 = Release|Any CPU
	EndGlobalSection
	GlobalSection(SolutionProperties) = preSolution
		HideSolutionNode = FALSE
	EndGlobalSection
	GlobalSection(ExtensibilityGlobals) = postSolution
		SolutionGuid = {78EA528B-6ED8-4C37-A4E0-C71CB5A6400E}
	EndGlobalSection
EndGlobal
